
Microsoft Visual Studio Solution File, Format Version 12.00
# Visual Studio Version 17
VisualStudioVersion = 17.1.32421.90
MinimumVisualStudioVersion = 10.0.40219.1
Project("{FAE04EC0-301F-11D3-BF4B-00C04F79EFBC}") = "02. SUMA DE LOS PRIMEROS 20 NATURALES", "02. SUMA DE LOS PRIMEROS 20 NATURALES.csproj", "{3CAF9929-61C2-438A-B557-A1CAF5E1F48D}"
EndProject
Global
	GlobalSection(SolutionConfigurationPlatforms) = preSolution
		Debug|Any CPU = Debug|Any CPU
		Release|Any CPU = Release|Any CPU
	EndGlobalSection
	GlobalSection(ProjectConfigurationPlatforms) = postSolution
		{3CAF9929-61C2-438A-B557-A1CAF5E1F48D}.Debug|Any CPU.ActiveCfg = Debug|Any CPU
		{3CAF9929-61C2-438A-B557-A1CAF5E1F48D}.Debug|Any CPU.Build.0 = Debug|Any CPU
		{3CAF9929-61C2-438A-B557-A1CAF5E1F48D}.Release|Any CPU.ActiveCfg = Release|Any CPU
		{3CAF9929-61C2-438A-B557-A1CAF5E1F48D}.Release|Any CPU.Build.0 = Release|Any CPU
	EndGlobalSection
	GlobalSection(SolutionProperties) = preSolution
		HideSolutionNode = FALSE
	EndGlobalSection
	GlobalSection(ExtensibilityGlobals) = postSolution
		SolutionGuid = {81282896-2033-4929-94E1-5509C4E2EB3D}
	EndGlobalSection
EndGlobal
