
Microsoft Visual Studio Solution File, Format Version 12.00
# Visual Studio Version 17
VisualStudioVersion = 17.1.32421.90
MinimumVisualStudioVersion = 10.0.40219.1
Project("{FAE04EC0-301F-11D3-BF4B-00C04F79EFBC}") = "04.PROMEDIO DE NOTAS, APROBÓ O REPROBÓ", "04.PROMEDIO DE NOTAS, APROBÓ O REPROBÓ.csproj", "{AE3C5357-880B-435D-9ED3-41809CCE960D}"
EndProject
Global
	GlobalSection(SolutionConfigurationPlatforms) = preSolution
		Debug|Any CPU = Debug|Any CPU
		Release|Any CPU = Release|Any CPU
	EndGlobalSection
	GlobalSection(ProjectConfigurationPlatforms) = postSolution
		{AE3C5357-880B-435D-9ED3-41809CCE960D}.Debug|Any CPU.ActiveCfg = Debug|Any CPU
		{AE3C5357-880B-435D-9ED3-41809CCE960D}.Debug|Any CPU.Build.0 = Debug|Any CPU
		{AE3C5357-880B-435D-9ED3-41809CCE960D}.Release|Any CPU.ActiveCfg = Release|Any CPU
		{AE3C5357-880B-435D-9ED3-41809CCE960D}.Release|Any CPU.Build.0 = Release|Any CPU
	EndGlobalSection
	GlobalSection(SolutionProperties) = preSolution
		HideSolutionNode = FALSE
	EndGlobalSection
	GlobalSection(ExtensibilityGlobals) = postSolution
		SolutionGuid = {A1ACC0C6-FFB5-45FE-A51F-91FA3A2224A4}
	EndGlobalSection
EndGlobal
