
Microsoft Visual Studio Solution File, Format Version 12.00
# Visual Studio Version 17
VisualStudioVersion = 17.1.32421.90
MinimumVisualStudioVersion = 10.0.40219.1
Project("{FAE04EC0-301F-11D3-BF4B-00C04F79EFBC}") = "ModeloRelacional", "ModeloRelacional.csproj", "{02165551-8E65-4372-A41B-19668DF54A79}"
EndProject
Global
	GlobalSection(SolutionConfigurationPlatforms) = preSolution
		Debug|Any CPU = Debug|Any CPU
		Release|Any CPU = Release|Any CPU
	EndGlobalSection
	GlobalSection(ProjectConfigurationPlatforms) = postSolution
		{02165551-8E65-4372-A41B-19668DF54A79}.Debug|Any CPU.ActiveCfg = Debug|Any CPU
		{02165551-8E65-4372-A41B-19668DF54A79}.Debug|Any CPU.Build.0 = Debug|Any CPU
		{02165551-8E65-4372-A41B-19668DF54A79}.Release|Any CPU.ActiveCfg = Release|Any CPU
		{02165551-8E65-4372-A41B-19668DF54A79}.Release|Any CPU.Build.0 = Release|Any CPU
	EndGlobalSection
	GlobalSection(SolutionProperties) = preSolution
		HideSolutionNode = FALSE
	EndGlobalSection
	GlobalSection(ExtensibilityGlobals) = postSolution
		SolutionGuid = {FDFF6D16-A28E-44E9-852A-5D33613AEC8A}
	EndGlobalSection
EndGlobal
