
Microsoft Visual Studio Solution File, Format Version 12.00
# Visual Studio Version 17
VisualStudioVersion = 17.1.32421.90
MinimumVisualStudioVersion = 10.0.40219.1
Project("{FAE04EC0-301F-11D3-BF4B-00C04F79EFBC}") = "05.PROGRAMA PARA CALCULAR ÁREAS DE FIGURAS GEOMÉTRICAS", "05.PROGRAMA PARA CALCULAR ÁREAS DE FIGURAS GEOMÉTRICAS.csproj", "{2485746C-D7E1-417A-A7BE-F2E6111014E7}"
EndProject
Global
	GlobalSection(SolutionConfigurationPlatforms) = preSolution
		Debug|Any CPU = Debug|Any CPU
		Release|Any CPU = Release|Any CPU
	EndGlobalSection
	GlobalSection(ProjectConfigurationPlatforms) = postSolution
		{2485746C-D7E1-417A-A7BE-F2E6111014E7}.Debug|Any CPU.ActiveCfg = Debug|Any CPU
		{2485746C-D7E1-417A-A7BE-F2E6111014E7}.Debug|Any CPU.Build.0 = Debug|Any CPU
		{2485746C-D7E1-417A-A7BE-F2E6111014E7}.Release|Any CPU.ActiveCfg = Release|Any CPU
		{2485746C-D7E1-417A-A7BE-F2E6111014E7}.Release|Any CPU.Build.0 = Release|Any CPU
	EndGlobalSection
	GlobalSection(SolutionProperties) = preSolution
		HideSolutionNode = FALSE
	EndGlobalSection
	GlobalSection(ExtensibilityGlobals) = postSolution
		SolutionGuid = {6D76B07C-234D-464E-A229-0ACB5D97CDC6}
	EndGlobalSection
EndGlobal
